
Microsoft Visual Studio Solution File, Format Version 12.00
# Visual Studio Version 16
VisualStudioVersion = 16.0.32428.217
MinimumVisualStudioVersion = 10.0.40219.1
Project("{8BC9CEB8-8B4A-11D0-8D11-00A0C91BC942}") = "MyImageEditor", "MyImageEditor.vcxproj", "{299458A1-EB71-42AB-B0E4-EC8E94C6E4D3}"
EndProject
Global
	GlobalSection(SolutionConfigurationPlatforms) = preSolution
		Debug|x64 = Debug|x64
		Debug|x86 = Debug|x86
		Release|x64 = Release|x64
		Release|x86 = Release|x86
	EndGlobalSection
	GlobalSection(ProjectConfigurationPlatforms) = postSolution
		{299458A1-EB71-42AB-B0E4-EC8E94C6E4D3}.Debug|x64.ActiveCfg = Debug|x64
		{299458A1-EB71-42AB-B0E4-EC8E94C6E4D3}.Debug|x64.Build.0 = Debug|x64
		{299458A1-EB71-42AB-B0E4-EC8E94C6E4D3}.Debug|x86.ActiveCfg = Debug|Win32
		{299458A1-EB71-42AB-B0E4-EC8E94C6E4D3}.Debug|x86.Build.0 = Debug|Win32
		{299458A1-EB71-42AB-B0E4-EC8E94C6E4D3}.Release|x64.ActiveCfg = Release|x64
		{299458A1-EB71-42AB-B0E4-EC8E94C6E4D3}.Release|x64.Build.0 = Release|x64
		{299458A1-EB71-42AB-B0E4-EC8E94C6E4D3}.Release|x86.ActiveCfg = Release|Win32
		{299458A1-EB71-42AB-B0E4-EC8E94C6E4D3}.Release|x86.Build.0 = Release|Win32
	EndGlobalSection
	GlobalSection(SolutionProperties) = preSolution
		HideSolutionNode = FALSE
	EndGlobalSection
	GlobalSection(ExtensibilityGlobals) = postSolution
		SolutionGuid = {731FFA15-307A-436B-AA84-38F4A24792B8}
	EndGlobalSection
EndGlobal
